
Microsoft Visual Studio Solution File, Format Version 12.00
# Visual Studio Version 17
VisualStudioVersion = 17.2.32630.192
MinimumVisualStudioVersion = 10.0.40219.1
Project("{FAE04EC0-301F-11D3-BF4B-00C04F79EFBC}") = "webMobileShop", "webMobileShop\webMobileShop.csproj", "{A285DB14-A9AD-4860-98B7-747064A79956}"
EndProject
Global
	GlobalSection(SolutionConfigurationPlatforms) = preSolution
		Debug|Any CPU = Debug|Any CPU
		Release|Any CPU = Release|Any CPU
	EndGlobalSection
	GlobalSection(ProjectConfigurationPlatforms) = postSolution
		{A285DB14-A9AD-4860-98B7-747064A79956}.Debug|Any CPU.ActiveCfg = Debug|Any CPU
		{A285DB14-A9AD-4860-98B7-747064A79956}.Debug|Any CPU.Build.0 = Debug|Any CPU
		{A285DB14-A9AD-4860-98B7-747064A79956}.Release|Any CPU.ActiveCfg = Release|Any CPU
		{A285DB14-A9AD-4860-98B7-747064A79956}.Release|Any CPU.Build.0 = Release|Any CPU
	EndGlobalSection
	GlobalSection(SolutionProperties) = preSolution
		HideSolutionNode = FALSE
	EndGlobalSection
	GlobalSection(ExtensibilityGlobals) = postSolution
		SolutionGuid = {BF1A14E3-423F-4F2C-B244-402187E10DE7}
	EndGlobalSection
EndGlobal
